// !$*UTF8*$!
{
	archiveVersion = 1;
	classes = {
	};
	objectVersion = 50;
	objects = {

/* Begin PBXBuildFile section */
		2894C41A26AD402D0027DDA9 /* OrangeViewController.swift in Sources */ = {isa = PBXBuildFile; fileRef = 2894C41926AD402D0027DDA9 /* OrangeViewController.swift */; };
		2894C41C26AD66B00027DDA9 /* YellowViewController.swift in Sources */ = {isa = PBXBuildFile; fileRef = 2894C41B26AD66B00027DDA9 /* YellowViewController.swift */; };
		2894C41E26AD66CC0027DDA9 /* GreenViewController.swift in Sources */ = {isa = PBXBuildFile; fileRef = 2894C41D26AD66CC0027DDA9 /* GreenViewController.swift */; };
		2894C42026AD66D40027DDA9 /* BlueViewController.swift in Sources */ = {isa = PBXBuildFile; fileRef = 2894C41F26AD66D40027DDA9 /* BlueViewController.swift */; };
		2894C42226AD66DC0027DDA9 /* PurpleViewController.swift in Sources */ = {isa = PBXBuildFile; fileRef = 2894C42126AD66DC0027DDA9 /* PurpleViewController.swift */; };
		28CCD0EF26AC07C30075C9A6 /* AppDelegate.swift in Sources */ = {isa = PBXBuildFile; fileRef = 28CCD0EE26AC07C30075C9A6 /* AppDelegate.swift */; };
		28CCD0F126AC07C30075C9A6 /* SceneDelegate.swift in Sources */ = {isa = PBXBuildFile; fileRef = 28CCD0F026AC07C30075C9A6 /* SceneDelegate.swift */; };
		28CCD0F326AC07C30075C9A6 /* RedViewController.swift in Sources */ = {isa = PBXBuildFile; fileRef = 28CCD0F226AC07C30075C9A6 /* RedViewController.swift */; };
		28CCD0F626AC07C30075C9A6 /* Main.storyboard in Resources */ = {isa = PBXBuildFile; fileRef = 28CCD0F426AC07C30075C9A6 /* Main.storyboard */; };
		28CCD0F826AC07C70075C9A6 /* Assets.xcassets in Resources */ = {isa = PBXBuildFile; fileRef = 28CCD0F726AC07C70075C9A6 /* Assets.xcassets */; };
		28CCD0FB26AC07C70075C9A6 /* LaunchScreen.storyboard in Resources */ = {isa = PBXBuildFile; fileRef = 28CCD0F926AC07C70075C9A6 /* LaunchScreen.storyboard */; };
/* End PBXBuildFile section */

/* Begin PBXFileReference section */
		2894C41926AD402D0027DDA9 /* OrangeViewController.swift */ = {isa = PBXFileReference; lastKnownFileType = sourcecode.swift; path = OrangeViewController.swift; sourceTree = "<group>"; };
		2894C41B26AD66B00027DDA9 /* YellowViewController.swift */ = {isa = PBXFileReference; lastKnownFileType = sourcecode.swift; path = YellowViewController.swift; sourceTree = "<group>"; };
		2894C41D26AD66CC0027DDA9 /* GreenViewController.swift */ = {isa = PBXFileReference; lastKnownFileType = sourcecode.swift; path = GreenViewController.swift; sourceTree = "<group>"; };
		2894C41F26AD66D40027DDA9 /* BlueViewController.swift */ = {isa = PBXFileReference; lastKnownFileType = sourcecode.swift; path = BlueViewController.swift; sourceTree = "<group>"; };
		2894C42126AD66DC0027DDA9 /* PurpleViewController.swift */ = {isa = PBXFileReference; lastKnownFileType = sourcecode.swift; path = PurpleViewController.swift; sourceTree = "<group>"; };
		28CCD0EB26AC07C30075C9A6 /* RainbowTabs.app */ = {isa = PBXFileReference; explicitFileType = wrapper.application; includeInIndex = 0; path = RainbowTabs.app; sourceTree = BUILT_PRODUCTS_DIR; };
		28CCD0EE26AC07C30075C9A6 /* AppDelegate.swift */ = {isa = PBXFileReference; lastKnownFileType = sourcecode.swift; path = AppDelegate.swift; sourceTree = "<group>"; };
		28CCD0F026AC07C30075C9A6 /* SceneDelegate.swift */ = {isa = PBXFileReference; lastKnownFileType = sourcecode.swift; path = SceneDelegate.swift; sourceTree = "<group>"; };
		28CCD0F226AC07C30075C9A6 /* RedViewController.swift */ = {isa = PBXFileReference; lastKnownFileType = sourcecode.swift; path = RedViewController.swift; sourceTree = "<group>"; };
		28CCD0F526AC07C30075C9A6 /* Base */ = {isa = PBXFileReference; lastKnownFileType = file.storyboard; name = Base; path = Base.lproj/Main.storyboard; sourceTree = "<group>"; };
		28CCD0F726AC07C70075C9A6 /* Assets.xcassets */ = {isa = PBXFileReference; lastKnownFileType = folder.assetcatalog; path = Assets.xcassets; sourceTree = "<group>"; };
		28CCD0FA26AC07C70075C9A6 /* Base */ = {isa = PBXFileReference; lastKnownFileType = file.storyboard; name = Base; path = Base.lproj/LaunchScreen.storyboard; sourceTree = "<group>"; };
		28CCD0FC26AC07C70075C9A6 /* Info.plist */ = {isa = PBXFileReference; lastKnownFileType = text.plist.xml; path = Info.plist; sourceTree = "<group>"; };
/* End PBXFileReference section */

/* Begin PBXFrameworksBuildPhase section */
		28CCD0E826AC07C30075C9A6 /* Frameworks */ = {
			isa = PBXFrameworksBuildPhase;
			buildActionMask = 2147483647;
			files = (
			);
			runOnlyForDeploymentPostprocessing = 0;
		};
/* End PBXFrameworksBuildPhase section */

/* Begin PBXGroup section */
		28CCD0E226AC07C30075C9A6 = {
			isa = PBXGroup;
			children = (
				28CCD0ED26AC07C30075C9A6 /* RainbowTabs */,
				28CCD0EC26AC07C30075C9A6 /* Products */,
			);
			sourceTree = "<group>";
		};
		28CCD0EC26AC07C30075C9A6 /* Products */ = {
			isa = PBXGroup;
			children = (
				28CCD0EB26AC07C30075C9A6 /* RainbowTabs.app */,
			);
			name = Products;
			sourceTree = "<group>";
		};
		28CCD0ED26AC07C30075C9A6 /* RainbowTabs */ = {
			isa = PBXGroup;
			children = (
				28CCD0EE26AC07C30075C9A6 /* AppDelegate.swift */,
				28CCD0F026AC07C30075C9A6 /* SceneDelegate.swift */,
				28CCD0F426AC07C30075C9A6 /* Main.storyboard */,
				28CCD0F226AC07C30075C9A6 /* RedViewController.swift */,
				2894C41926AD402D0027DDA9 /* OrangeViewController.swift */,
				2894C41B26AD66B00027DDA9 /* YellowViewController.swift */,
				2894C41D26AD66CC0027DDA9 /* GreenViewController.swift */,
				2894C41F26AD66D40027DDA9 /* BlueViewController.swift */,
				2894C42126AD66DC0027DDA9 /* PurpleViewController.swift */,
				28CCD0F726AC07C70075C9A6 /* Assets.xcassets */,
				28CCD0F926AC07C70075C9A6 /* LaunchScreen.storyboard */,
				28CCD0FC26AC07C70075C9A6 /* Info.plist */,
			);
			path = RainbowTabs;
			sourceTree = "<group>";
		};
/* End PBXGroup section */

/* Begin PBXNativeTarget section */
		28CCD0EA26AC07C30075C9A6 /* RainbowTabs */ = {
			isa = PBXNativeTarget;
			buildConfigurationList = 28CCD0FF26AC07C70075C9A6 /* Build configuration list for PBXNativeTarget "RainbowTabs" */;
			buildPhases = (
				28CCD0E726AC07C30075C9A6 /* Sources */,
				28CCD0E826AC07C30075C9A6 /* Frameworks */,
				28CCD0E926AC07C30075C9A6 /* Resources */,
			);
			buildRules = (
			);
			dependencies = (
			);
			name = RainbowTabs;
			productName = RainbowTabs;
			productReference = 28CCD0EB26AC07C30075C9A6 /* RainbowTabs.app */;
			productType = "com.apple.product-type.application";
		};
/* End PBXNativeTarget section */

/* Begin PBXProject section */
		28CCD0E326AC07C30075C9A6 /* Project object */ = {
			isa = PBXProject;
			attributes = {
				LastSwiftUpdateCheck = 1250;
				LastUpgradeCheck = 1250;
				TargetAttributes = {
					28CCD0EA26AC07C30075C9A6 = {
						CreatedOnToolsVersion = 12.5.1;
					};
				};
			};
			buildConfigurationList = 28CCD0E626AC07C30075C9A6 /* Build configuration list for PBXProject "RainbowTabs" */;
			compatibilityVersion = "Xcode 9.3";
			developmentRegion = en;
			hasScannedForEncodings = 0;
			knownRegions = (
				en,
				Base,
			);
			mainGroup = 28CCD0E226AC07C30075C9A6;
			productRefGroup = 28CCD0EC26AC07C30075C9A6 /* Products */;
			projectDirPath = "";
			projectRoot = "";
			targets = (
				28CCD0EA26AC07C30075C9A6 /* RainbowTabs */,
			);
		};
/* End PBXProject section */

/* Begin PBXResourcesBuildPhase section */
		28CCD0E926AC07C30075C9A6 /* Resources */ = {
			isa = PBXResourcesBuildPhase;
			buildActionMask = 2147483647;
			files = (
				28CCD0FB26AC07C70075C9A6 /* LaunchScreen.storyboard in Resources */,
				28CCD0F826AC07C70075C9A6 /* Assets.xcassets in Resources */,
				28CCD0F626AC07C30075C9A6 /* Main.storyboard in Resources */,
			);
			runOnlyForDeploymentPostprocessing = 0;
		};
/* End PBXResourcesBuildPhase section */

/* Begin PBXSourcesBuildPhase section */
		28CCD0E726AC07C30075C9A6 /* Sources */ = {
			isa = PBXSourcesBuildPhase;
			buildActionMask = 2147483647;
			files = (
				2894C41E26AD66CC0027DDA9 /* GreenViewController.swift in Sources */,
				2894C41A26AD402D0027DDA9 /* OrangeViewController.swift in Sources */,
				28CCD0F326AC07C30075C9A6 /* RedViewController.swift in Sources */,
				28CCD0EF26AC07C30075C9A6 /* AppDelegate.swift in Sources */,
				2894C42226AD66DC0027DDA9 /* PurpleViewController.swift in Sources */,
				28CCD0F126AC07C30075C9A6 /* SceneDelegate.swift in Sources */,
				2894C41C26AD66B00027DDA9 /* YellowViewController.swift in Sources */,
				2894C42026AD66D40027DDA9 /* BlueViewController.swift in Sources */,
			);
			runOnlyForDeploymentPostprocessing = 0;
		};
/* End PBXSourcesBuildPhase section */

/* Begin PBXVariantGroup section */
		28CCD0F426AC07C30075C9A6 /* Main.storyboard */ = {
			isa = PBXVariantGroup;
			children = (
				28CCD0F526AC07C30075C9A6 /* Base */,
			);
			name = Main.storyboard;
			sourceTree = "<group>";
		};
		28CCD0F926AC07C70075C9A6 /* LaunchScreen.storyboard */ = {
			isa = PBXVariantGroup;
			children = (
				28CCD0FA26AC07C70075C9A6 /* Base */,
			);
			name = LaunchScreen.storyboard;
			sourceTree = "<group>";
		};
/* End PBXVariantGroup section */

/* Begin XCBuildConfiguration section */
		28CCD0FD26AC07C70075C9A6 /* Debug */ = {
			isa = XCBuildConfiguration;
			buildSettings = {
				ALWAYS_SEARCH_USER_PATHS = NO;
				CLANG_ANALYZER_NONNULL = YES;
				CLANG_ANALYZER_NUMBER_OBJECT_CONVERSION = YES_AGGRESSIVE;
				CLANG_CXX_LANGUAGE_STANDARD = "gnu++14";
				CLANG_CXX_LIBRARY = "libc++";
				CLANG_ENABLE_MODULES = YES;
				CLANG_ENABLE_OBJC_ARC = YES;
				CLANG_ENABLE_OBJC_WEAK = YES;
				CLANG_WARN_BLOCK_CAPTURE_AUTORELEASING = YES;
				CLANG_WARN_BOOL_CONVERSION = YES;
				CLANG_WARN_COMMA = YES;
				CLANG_WARN_CONSTANT_CONVERSION = YES;
				CLANG_WARN_DEPRECATED_OBJC_IMPLEMENTATIONS = YES;
				CLANG_WARN_DIRECT_OBJC_ISA_USAGE = YES_ERROR;
				CLANG_WARN_DOCUMENTATION_COMMENTS = YES;
				CLANG_WARN_EMPTY_BODY = YES;
				CLANG_WARN_ENUM_CONVERSION = YES;
				CLANG_WARN_INFINITE_RECURSION = YES;
				CLANG_WARN_INT_CONVERSION = YES;
				CLANG_WARN_NON_LITERAL_NULL_CONVERSION = YES;
				CLANG_WARN_OBJC_IMPLICIT_RETAIN_SELF = YES;
				CLANG_WARN_OBJC_LITERAL_CONVERSION = YES;
				CLANG_WARN_OBJC_ROOT_CLASS = YES_ERROR;
				CLANG_WARN_QUOTED_INCLUDE_IN_FRAMEWORK_HEADER = YES;
				CLANG_WARN_RANGE_LOOP_ANALYSIS = YES;
				CLANG_WARN_STRICT_PROTOTYPES = YES;
				CLANG_WARN_SUSPICIOUS_MOVE = YES;
				CLANG_WARN_UNGUARDED_AVAILABILITY = YES_AGGRESSIVE;
				CLANG_WARN_UNREACHABLE_CODE = YES;
				CLANG_WARN__DUPLICATE_METHOD_MATCH = YES;
				COPY_PHASE_STRIP = NO;
				DEBUG_INFORMATION_FORMAT = dwarf;
				ENABLE_STRICT_OBJC_MSGSEND = YES;
				ENABLE_TESTABILITY = YES;
				GCC_C_LANGUAGE_STANDARD = gnu11;
				GCC_DYNAMIC_NO_PIC = NO;
				GCC_NO_COMMON_BLOCKS = YES;
				GCC_OPTIMIZATION_LEVEL = 0;
				GCC_PREPROCESSOR_DEFINITIONS = (
					"DEBUG=1",
					"$(inherited)",
				);
				GCC_WARN_64_TO_32_BIT_CONVERSION = YES;
				GCC_WARN_ABOUT_RETURN_TYPE = YES_ERROR;
				GCC_WARN_UNDECLARED_SELECTOR = YES;
				GCC_WARN_UNINITIALIZED_AUTOS = YES_AGGRESSIVE;
				GCC_WARN_UNUSED_FUNCTION = YES;
				GCC_WARN_UNUSED_VARIABLE = YES;
				IPHONEOS_DEPLOYMENT_TARGET = 14.5;
				MTL_ENABLE_DEBUG_INFO = INCLUDE_SOURCE;
				MTL_FAST_MATH = YES;
				ONLY_ACTIVE_ARCH = YES;
				SDKROOT = iphoneos;
				SWIFT_ACTIVE_COMPILATION_CONDITIONS = DEBUG;
				SWIFT_OPTIMIZATION_LEVEL = "-Onone";
			};
			name = Debug;
		};
		28CCD0FE26AC07C70075C9A6 /* Release */ = {
			isa = XCBuildConfiguration;
			buildSettings = {
				ALWAYS_SEARCH_USER_PATHS = NO;
				CLANG_ANALYZER_NONNULL = YES;
				CLANG_ANALYZER_NUMBER_OBJECT_CONVERSION = YES_AGGRESSIVE;
				CLANG_CXX_LANGUAGE_STANDARD = "gnu++14";
				CLANG_CXX_LIBRARY = "libc++";
				CLANG_ENABLE_MODULES = YES;
				CLANG_ENABLE_OBJC_ARC = YES;
				CLANG_ENABLE_OBJC_WEAK = YES;
				CLANG_WARN_BLOCK_CAPTURE_AUTORELEASING = YES;
				CLANG_WARN_BOOL_CONVERSION = YES;
				CLANG_WARN_COMMA = YES;
				CLANG_WARN_CONSTANT_CONVERSION = YES;
				CLANG_WARN_DEPRECATED_OBJC_IMPLEMENTATIONS = YES;
				CLANG_WARN_DIRECT_OBJC_ISA_USAGE = YES_ERROR;
				CLANG_WARN_DOCUMENTATION_COMMENTS = YES;
				CLANG_WARN_EMPTY_BODY = YES;
				CLANG_WARN_ENUM_CONVERSION = YES;
				CLANG_WARN_INFINITE_RECURSION = YES;
				CLANG_WARN_INT_CONVERSION = YES;
				CLANG_WARN_NON_LITERAL_NULL_CONVERSION = YES;
				CLANG_WARN_OBJC_IMPLICIT_RETAIN_SELF = YES;
				CLANG_WARN_OBJC_LITERAL_CONVERSION = YES;
				CLANG_WARN_OBJC_ROOT_CLASS = YES_ERROR;
				CLANG_WARN_QUOTED_INCLUDE_IN_FRAMEWORK_HEADER = YES;
				CLANG_WARN_RANGE_LOOP_ANALYSIS = YES;
				CLANG_WARN_STRICT_PROTOTYPES = YES;
				CLANG_WARN_SUSPICIOUS_MOVE = YES;
				CLANG_WARN_UNGUARDED_AVAILABILITY = YES_AGGRESSIVE;
				CLANG_WARN_UNREACHABLE_CODE = YES;
				CLANG_WARN__DUPLICATE_METHOD_MATCH = YES;
				COPY_PHASE_STRIP = NO;
				DEBUG_INFORMATION_FORMAT = "dwarf-with-dsym";
				ENABLE_NS_ASSERTIONS = NO;
				ENABLE_STRICT_OBJC_MSGSEND = YES;
				GCC_C_LANGUAGE_STANDARD = gnu11;
				GCC_NO_COMMON_BLOCKS = YES;
				GCC_WARN_64_TO_32_BIT_CONVERSION = YES;
				GCC_WARN_ABOUT_RETURN_TYPE = YES_ERROR;
				GCC_WARN_UNDECLARED_SELECTOR = YES;
				GCC_WARN_UNINITIALIZED_AUTOS = YES_AGGRESSIVE;
				GCC_WARN_UNUSED_FUNCTION = YES;
				GCC_WARN_UNUSED_VARIABLE = YES;
				IPHONEOS_DEPLOYMENT_TARGET = 14.5;
				MTL_ENABLE_DEBUG_INFO = NO;
				MTL_FAST_MATH = YES;
				SDKROOT = iphoneos;
				SWIFT_COMPILATION_MODE = wholemodule;
				SWIFT_OPTIMIZATION_LEVEL = "-O";
				VALIDATE_PRODUCT = YES;
			};
			name = Release;
		};
		28CCD10026AC07C70075C9A6 /* Debug */ = {
			isa = XCBuildConfiguration;
			buildSettings = {
				ASSETCATALOG_COMPILER_APPICON_NAME = AppIcon;
				ASSETCATALOG_COMPILER_GLOBAL_ACCENT_COLOR_NAME = AccentColor;
				CODE_SIGN_STYLE = Automatic;
				DEVELOPMENT_TEAM = U6Q9G3RA4Y;
				INFOPLIST_FILE = RainbowTabs/Info.plist;
				LD_RUNPATH_SEARCH_PATHS = (
					"$(inherited)",
					"@executable_path/Frameworks",
				);
				PRODUCT_BUNDLE_IDENTIFIER = com.wickedrun.RainbowTabs;
				PRODUCT_NAME = "$(TARGET_NAME)";
				SWIFT_VERSION = 5.0;
				TARGETED_DEVICE_FAMILY = "1,2";
			};
			name = Debug;
		};
		28CCD10126AC07C70075C9A6 /* Release */ = {
			isa = XCBuildConfiguration;
			buildSettings = {
				ASSETCATALOG_COMPILER_APPICON_NAME = AppIcon;
				ASSETCATALOG_COMPILER_GLOBAL_ACCENT_COLOR_NAME = AccentColor;
				CODE_SIGN_STYLE = Automatic;
				DEVELOPMENT_TEAM = U6Q9G3RA4Y;
				INFOPLIST_FILE = RainbowTabs/Info.plist;
				LD_RUNPATH_SEARCH_PATHS = (
					"$(inherited)",
					"@executable_path/Frameworks",
				);
				PRODUCT_BUNDLE_IDENTIFIER = com.wickedrun.RainbowTabs;
				PRODUCT_NAME = "$(TARGET_NAME)";
				SWIFT_VERSION = 5.0;
				TARGETED_DEVICE_FAMILY = "1,2";
			};
			name = Release;
		};
/* End XCBuildConfiguration section */

/* Begin XCConfigurationList section */
		28CCD0E626AC07C30075C9A6 /* Build configuration list for PBXProject "RainbowTabs" */ = {
			isa = XCConfigurationList;
			buildConfigurations = (
				28CCD0FD26AC07C70075C9A6 /* Debug */,
				28CCD0FE26AC07C70075C9A6 /* Release */,
			);
			defaultConfigurationIsVisible = 0;
			defaultConfigurationName = Release;
		};
		28CCD0FF26AC07C70075C9A6 /* Build configuration list for PBXNativeTarget "RainbowTabs" */ = {
			isa = XCConfigurationList;
			buildConfigurations = (
				28CCD10026AC07C70075C9A6 /* Debug */,
				28CCD10126AC07C70075C9A6 /* Release */,
			);
			defaultConfigurationIsVisible = 0;
			defaultConfigurationName = Release;
		};
/* End XCConfigurationList section */
	};
	rootObject = 28CCD0E326AC07C30075C9A6 /* Project object */;
}
